
Microsoft Visual Studio Solution File, Format Version 12.00
# Visual Studio 15
VisualStudioVersion = 15.0.27004.2006
MinimumVisualStudioVersion = 10.0.40219.1
Project("{FAE04EC0-301F-11D3-BF4B-00C04F79EFBC}") = "Personel_Domain", "Personel_Domain\Personel_Domain.csproj", "{8D74EE69-9DAD-4BCF-9B57-BD77F25B3D36}"
EndProject
Project("{FAE04EC0-301F-11D3-BF4B-00C04F79EFBC}") = "Personel.Dal", "Personel.Dal\Personel.Dal.csproj", "{5FD7C30D-B949-4C5A-B12E-61B1CBAACEF2}"
EndProject
Project("{FAE04EC0-301F-11D3-BF4B-00C04F79EFBC}") = "0_Personel.UI", "0_Personel.UI\0_Personel.UI.csproj", "{2FD1744A-D2C6-46CB-A8E0-BA5F9C746460}"
EndProject
Global
	GlobalSection(SolutionConfigurationPlatforms) = preSolution
		Debug|Any CPU = Debug|Any CPU
		Release|Any CPU = Release|Any CPU
	EndGlobalSection
	GlobalSection(ProjectConfigurationPlatforms) = postSolution
		{8D74EE69-9DAD-4BCF-9B57-BD77F25B3D36}.Debug|Any CPU.ActiveCfg = Debug|Any CPU
		{8D74EE69-9DAD-4BCF-9B57-BD77F25B3D36}.Debug|Any CPU.Build.0 = Debug|Any CPU
		{8D74EE69-9DAD-4BCF-9B57-BD77F25B3D36}.Release|Any CPU.ActiveCfg = Release|Any CPU
		{8D74EE69-9DAD-4BCF-9B57-BD77F25B3D36}.Release|Any CPU.Build.0 = Release|Any CPU
		{5FD7C30D-B949-4C5A-B12E-61B1CBAACEF2}.Debug|Any CPU.ActiveCfg = Debug|Any CPU
		{5FD7C30D-B949-4C5A-B12E-61B1CBAACEF2}.Debug|Any CPU.Build.0 = Debug|Any CPU
		{5FD7C30D-B949-4C5A-B12E-61B1CBAACEF2}.Release|Any CPU.ActiveCfg = Release|Any CPU
		{5FD7C30D-B949-4C5A-B12E-61B1CBAACEF2}.Release|Any CPU.Build.0 = Release|Any CPU
		{2FD1744A-D2C6-46CB-A8E0-BA5F9C746460}.Debug|Any CPU.ActiveCfg = Debug|Any CPU
		{2FD1744A-D2C6-46CB-A8E0-BA5F9C746460}.Debug|Any CPU.Build.0 = Debug|Any CPU
		{2FD1744A-D2C6-46CB-A8E0-BA5F9C746460}.Release|Any CPU.ActiveCfg = Release|Any CPU
		{2FD1744A-D2C6-46CB-A8E0-BA5F9C746460}.Release|Any CPU.Build.0 = Release|Any CPU
	EndGlobalSection
	GlobalSection(SolutionProperties) = preSolution
		HideSolutionNode = FALSE
	EndGlobalSection
	GlobalSection(ExtensibilityGlobals) = postSolution
		SolutionGuid = {3A5014A1-9BC7-41F9-8FBE-67AD5B601204}
	EndGlobalSection
EndGlobal
